
Microsoft Visual Studio Solution File, Format Version 12.00
# Visual Studio 2015
Project("{FAE04EC0-301F-11D3-BF4B-00C04F79EFBC}") = "AR Keychain.CSharp", "AR Keychain.CSharp.csproj", "{2E466489-267F-F249-5340-F0BEC34956D6}"
EndProject
Project("{FAE04EC0-301F-11D3-BF4B-00C04F79EFBC}") = "AR Keychain.CSharp.Editor", "AR Keychain.CSharp.Editor.csproj", "{B5E766BB-1803-3187-7272-C8E2FC51D6EC}"
EndProject
Global
	GlobalSection(SolutionConfigurationPlatforms) = preSolution
		Debug|Any CPU = Debug|Any CPU
		Release|Any CPU = Release|Any CPU
	EndGlobalSection
	GlobalSection(ProjectConfigurationPlatforms) = postSolution
		{2E466489-267F-F249-5340-F0BEC34956D6}.Debug|Any CPU.ActiveCfg = Debug|Any CPU
		{2E466489-267F-F249-5340-F0BEC34956D6}.Debug|Any CPU.Build.0 = Debug|Any CPU
		{2E466489-267F-F249-5340-F0BEC34956D6}.Release|Any CPU.ActiveCfg = Release|Any CPU
		{2E466489-267F-F249-5340-F0BEC34956D6}.Release|Any CPU.Build.0 = Release|Any CPU
		{B5E766BB-1803-3187-7272-C8E2FC51D6EC}.Debug|Any CPU.ActiveCfg = Debug|Any CPU
		{B5E766BB-1803-3187-7272-C8E2FC51D6EC}.Debug|Any CPU.Build.0 = Debug|Any CPU
		{B5E766BB-1803-3187-7272-C8E2FC51D6EC}.Release|Any CPU.ActiveCfg = Release|Any CPU
		{B5E766BB-1803-3187-7272-C8E2FC51D6EC}.Release|Any CPU.Build.0 = Release|Any CPU
	EndGlobalSection
	GlobalSection(SolutionProperties) = preSolution
		HideSolutionNode = FALSE
	EndGlobalSection
EndGlobal
