
Microsoft Visual Studio Solution File, Format Version 12.00
# Visual Studio 2015
Project("{FAE04EC0-301F-11D3-BF4B-00C04F79EFBC}") = "AR-Keychain.CSharp", "AR-Keychain.CSharp.csproj", "{F594511F-C12A-D81D-62E1-3C892E4292BD}"
EndProject
Project("{FAE04EC0-301F-11D3-BF4B-00C04F79EFBC}") = "AR-Keychain.CSharp.Editor", "AR-Keychain.CSharp.Editor.csproj", "{1DBF5196-79ED-0D16-6726-CEBD994326CB}"
EndProject
Global
	GlobalSection(SolutionConfigurationPlatforms) = preSolution
		Debug|Any CPU = Debug|Any CPU
		Release|Any CPU = Release|Any CPU
	EndGlobalSection
	GlobalSection(ProjectConfigurationPlatforms) = postSolution
		{F594511F-C12A-D81D-62E1-3C892E4292BD}.Debug|Any CPU.ActiveCfg = Debug|Any CPU
		{F594511F-C12A-D81D-62E1-3C892E4292BD}.Debug|Any CPU.Build.0 = Debug|Any CPU
		{F594511F-C12A-D81D-62E1-3C892E4292BD}.Release|Any CPU.ActiveCfg = Release|Any CPU
		{F594511F-C12A-D81D-62E1-3C892E4292BD}.Release|Any CPU.Build.0 = Release|Any CPU
		{1DBF5196-79ED-0D16-6726-CEBD994326CB}.Debug|Any CPU.ActiveCfg = Debug|Any CPU
		{1DBF5196-79ED-0D16-6726-CEBD994326CB}.Debug|Any CPU.Build.0 = Debug|Any CPU
		{1DBF5196-79ED-0D16-6726-CEBD994326CB}.Release|Any CPU.ActiveCfg = Release|Any CPU
		{1DBF5196-79ED-0D16-6726-CEBD994326CB}.Release|Any CPU.Build.0 = Release|Any CPU
	EndGlobalSection
	GlobalSection(SolutionProperties) = preSolution
		HideSolutionNode = FALSE
	EndGlobalSection
EndGlobal
